
Microsoft Visual Studio Solution File, Format Version 12.00
# Visual Studio Version 16
VisualStudioVersion = 16.0.31605.320
MinimumVisualStudioVersion = 10.0.40219.1
Project("{FAE04EC0-301F-11D3-BF4B-00C04F79EFBC}") = "DataStructuresandAlgorithmPrograms", "DataStructuresandAlgorithmPrograms\DataStructuresandAlgorithmPrograms.csproj", "{1BDD2AEE-2709-4E2C-A3BA-C6DA9A293CFE}"
EndProject
Global
	GlobalSection(SolutionConfigurationPlatforms) = preSolution
		Debug|Any CPU = Debug|Any CPU
		Release|Any CPU = Release|Any CPU
	EndGlobalSection
	GlobalSection(ProjectConfigurationPlatforms) = postSolution
		{1BDD2AEE-2709-4E2C-A3BA-C6DA9A293CFE}.Debug|Any CPU.ActiveCfg = Debug|Any CPU
		{1BDD2AEE-2709-4E2C-A3BA-C6DA9A293CFE}.Debug|Any CPU.Build.0 = Debug|Any CPU
		{1BDD2AEE-2709-4E2C-A3BA-C6DA9A293CFE}.Release|Any CPU.ActiveCfg = Release|Any CPU
		{1BDD2AEE-2709-4E2C-A3BA-C6DA9A293CFE}.Release|Any CPU.Build.0 = Release|Any CPU
	EndGlobalSection
	GlobalSection(SolutionProperties) = preSolution
		HideSolutionNode = FALSE
	EndGlobalSection
	GlobalSection(ExtensibilityGlobals) = postSolution
		SolutionGuid = {5C4DDEB9-D86F-4422-B354-EDFEB137D5D9}
	EndGlobalSection
EndGlobal
